<?xml version="1.0" encoding="Windows-1252"?>
<Project ToolsVersion="12.0" xmlns="http://schemas.microsoft.com/developer/msbuild/2003">
  <ItemGroup>
    <CustomBuild Include="..\..\CMakeFiles\3e5fa7129ce7d5e3883f06673ad19a35\INSTALL_force.rule">
      <Filter>CMake Rules</Filter>
    </CustomBuild>
  </ItemGroup>
  <ItemGroup>
    <Filter Include="CMake Rules">
      <UniqueIdentifier>{5DB0F938-2157-4EC4-AF53-8EEAC4E895A4}</UniqueIdentifier>
    </Filter>
  </ItemGroup>
</Project>
