
Microsoft Visual Studio Solution File, Format Version 12.00
# Visual Studio 2013
VisualStudioVersion = 12.0.30723.0
MinimumVisualStudioVersion = 10.0.40219.1
Project("{8BC9CEB8-8B4A-11D0-8D11-00A0C91BC942}") = "Contact Model", "Contact Model\Contact Model.vcxproj", "{51499089-7A44-4C42-B1FB-42CA9D933BED}"
EndProject
Project("{8BC9CEB8-8B4A-11D0-8D11-00A0C91BC942}") = "BulletCollision", "..\Dependencies\bullet3-2.83.7-lab\src\BulletCollision\BulletCollision.vcxproj", "{6FFA7FBB-82CA-482F-9EC8-1CF02BD948D6}"
EndProject
Project("{8BC9CEB8-8B4A-11D0-8D11-00A0C91BC942}") = "BulletDynamics", "..\Dependencies\bullet3-2.83.7-lab\src\BulletDynamics\BulletDynamics.vcxproj", "{CD402AE5-5BEA-44B0-AC87-0470879E9BE5}"
EndProject
Project("{8BC9CEB8-8B4A-11D0-8D11-00A0C91BC942}") = "LinearMath", "..\Dependencies\bullet3-2.83.7-lab\src\LinearMath\LinearMath.vcxproj", "{49C30BFE-1DDC-49AC-B898-7C0B5F550469}"
EndProject
Global
	GlobalSection(SolutionConfigurationPlatforms) = preSolution
		Debug|Win32 = Debug|Win32
		MinSizeRel|Win32 = MinSizeRel|Win32
		Release|Win32 = Release|Win32
		RelWithDebInfo|Win32 = RelWithDebInfo|Win32
	EndGlobalSection
	GlobalSection(ProjectConfigurationPlatforms) = postSolution
		{51499089-7A44-4C42-B1FB-42CA9D933BED}.Debug|Win32.ActiveCfg = Debug|Win32
		{51499089-7A44-4C42-B1FB-42CA9D933BED}.Debug|Win32.Build.0 = Debug|Win32
		{51499089-7A44-4C42-B1FB-42CA9D933BED}.MinSizeRel|Win32.ActiveCfg = Release|Win32
		{51499089-7A44-4C42-B1FB-42CA9D933BED}.MinSizeRel|Win32.Build.0 = Release|Win32
		{51499089-7A44-4C42-B1FB-42CA9D933BED}.Release|Win32.ActiveCfg = Release|Win32
		{51499089-7A44-4C42-B1FB-42CA9D933BED}.Release|Win32.Build.0 = Release|Win32
		{51499089-7A44-4C42-B1FB-42CA9D933BED}.RelWithDebInfo|Win32.ActiveCfg = Release|Win32
		{51499089-7A44-4C42-B1FB-42CA9D933BED}.RelWithDebInfo|Win32.Build.0 = Release|Win32
		{6FFA7FBB-82CA-482F-9EC8-1CF02BD948D6}.Debug|Win32.ActiveCfg = Debug|Win32
		{6FFA7FBB-82CA-482F-9EC8-1CF02BD948D6}.Debug|Win32.Build.0 = Debug|Win32
		{6FFA7FBB-82CA-482F-9EC8-1CF02BD948D6}.MinSizeRel|Win32.ActiveCfg = MinSizeRel|Win32
		{6FFA7FBB-82CA-482F-9EC8-1CF02BD948D6}.MinSizeRel|Win32.Build.0 = MinSizeRel|Win32
		{6FFA7FBB-82CA-482F-9EC8-1CF02BD948D6}.Release|Win32.ActiveCfg = Release|Win32
		{6FFA7FBB-82CA-482F-9EC8-1CF02BD948D6}.Release|Win32.Build.0 = Release|Win32
		{6FFA7FBB-82CA-482F-9EC8-1CF02BD948D6}.RelWithDebInfo|Win32.ActiveCfg = RelWithDebInfo|Win32
		{6FFA7FBB-82CA-482F-9EC8-1CF02BD948D6}.RelWithDebInfo|Win32.Build.0 = RelWithDebInfo|Win32
		{CD402AE5-5BEA-44B0-AC87-0470879E9BE5}.Debug|Win32.ActiveCfg = Debug|Win32
		{CD402AE5-5BEA-44B0-AC87-0470879E9BE5}.Debug|Win32.Build.0 = Debug|Win32
		{CD402AE5-5BEA-44B0-AC87-0470879E9BE5}.MinSizeRel|Win32.ActiveCfg = MinSizeRel|Win32
		{CD402AE5-5BEA-44B0-AC87-0470879E9BE5}.MinSizeRel|Win32.Build.0 = MinSizeRel|Win32
		{CD402AE5-5BEA-44B0-AC87-0470879E9BE5}.Release|Win32.ActiveCfg = Release|Win32
		{CD402AE5-5BEA-44B0-AC87-0470879E9BE5}.Release|Win32.Build.0 = Release|Win32
		{CD402AE5-5BEA-44B0-AC87-0470879E9BE5}.RelWithDebInfo|Win32.ActiveCfg = RelWithDebInfo|Win32
		{CD402AE5-5BEA-44B0-AC87-0470879E9BE5}.RelWithDebInfo|Win32.Build.0 = RelWithDebInfo|Win32
		{49C30BFE-1DDC-49AC-B898-7C0B5F550469}.Debug|Win32.ActiveCfg = Debug|Win32
		{49C30BFE-1DDC-49AC-B898-7C0B5F550469}.Debug|Win32.Build.0 = Debug|Win32
		{49C30BFE-1DDC-49AC-B898-7C0B5F550469}.MinSizeRel|Win32.ActiveCfg = MinSizeRel|Win32
		{49C30BFE-1DDC-49AC-B898-7C0B5F550469}.MinSizeRel|Win32.Build.0 = MinSizeRel|Win32
		{49C30BFE-1DDC-49AC-B898-7C0B5F550469}.Release|Win32.ActiveCfg = Release|Win32
		{49C30BFE-1DDC-49AC-B898-7C0B5F550469}.Release|Win32.Build.0 = Release|Win32
		{49C30BFE-1DDC-49AC-B898-7C0B5F550469}.RelWithDebInfo|Win32.ActiveCfg = RelWithDebInfo|Win32
		{49C30BFE-1DDC-49AC-B898-7C0B5F550469}.RelWithDebInfo|Win32.Build.0 = RelWithDebInfo|Win32
	EndGlobalSection
	GlobalSection(SolutionProperties) = preSolution
		HideSolutionNode = FALSE
	EndGlobalSection
EndGlobal
