Microsoft Visual Studio Solution File, Format Version 12.00
# Visual Studio 2013
Project("{8BC9CEB8-8B4A-11D0-8D11-00A0C91BC942}") = "ALL_BUILD", "ALL_BUILD.vcxproj", "{5814F47F-DFE4-4CB1-83F8-A9554651514D}"
	ProjectSection(ProjectDependencies) = postProject
		{986A5A19-C259-499D-8D10-F3379E8D4310} = {986A5A19-C259-499D-8D10-F3379E8D4310}
		{CABFB5C3-A02D-42F3-80CA-C7347A253B91} = {CABFB5C3-A02D-42F3-80CA-C7347A253B91}
		{6BB05C00-1DF6-4DA0-ACF9-5EE7B2C3B929} = {6BB05C00-1DF6-4DA0-ACF9-5EE7B2C3B929}
		{89BB6C3D-7AD2-4673-84E0-88C3B0306788} = {89BB6C3D-7AD2-4673-84E0-88C3B0306788}
		{86D1C760-530F-4DEE-B4E5-6BE8D72ED7A3} = {86D1C760-530F-4DEE-B4E5-6BE8D72ED7A3}
		{C7244DBE-ADBA-4790-AFA7-1F4EEDC9E06D} = {C7244DBE-ADBA-4790-AFA7-1F4EEDC9E06D}
		{29F5D4D9-A685-476E-B367-0FC21D8C5ADC} = {29F5D4D9-A685-476E-B367-0FC21D8C5ADC}
		{A793A075-540A-49AE-AA4D-93747EDFCBF4} = {A793A075-540A-49AE-AA4D-93747EDFCBF4}
		{567C6064-7A74-45E4-A5F3-A7AB9392030F} = {567C6064-7A74-45E4-A5F3-A7AB9392030F}
		{6FFA7FBB-82CA-482F-9EC8-1CF02BD948D6} = {6FFA7FBB-82CA-482F-9EC8-1CF02BD948D6}
		{CD402AE5-5BEA-44B0-AC87-0470879E9BE5} = {CD402AE5-5BEA-44B0-AC87-0470879E9BE5}
		{9B1B3DFF-32EA-4803-A24D-CE406FC9EE36} = {9B1B3DFF-32EA-4803-A24D-CE406FC9EE36}
		{EFD9E640-8A05-4AB5-A2F1-99EE5A91086A} = {EFD9E640-8A05-4AB5-A2F1-99EE5A91086A}
		{B6E55F60-08A7-45E7-9C94-E17984DE6F93} = {B6E55F60-08A7-45E7-9C94-E17984DE6F93}
		{D3C6BA33-06EC-4C94-8C22-7CFC628D2FE6} = {D3C6BA33-06EC-4C94-8C22-7CFC628D2FE6}
		{9F2CF9FB-5AD0-4748-9A85-373F64F06EC8} = {9F2CF9FB-5AD0-4748-9A85-373F64F06EC8}
		{6FADF216-6CFB-4AB4-8240-192505674457} = {6FADF216-6CFB-4AB4-8240-192505674457}
		{C69E7F97-DBC2-49B2-8C9F-98E14948EF75} = {C69E7F97-DBC2-49B2-8C9F-98E14948EF75}
		{8C6010CC-5A90-4C23-84D0-53998AECC012} = {8C6010CC-5A90-4C23-84D0-53998AECC012}
		{730163E8-7BBA-409C-B8A4-7A537A57BF1D} = {730163E8-7BBA-409C-B8A4-7A537A57BF1D}
		{49C30BFE-1DDC-49AC-B898-7C0B5F550469} = {49C30BFE-1DDC-49AC-B898-7C0B5F550469}
		{C509777E-302A-48B5-B9FE-1BA88C9D8E43} = {C509777E-302A-48B5-B9FE-1BA88C9D8E43}
		{C01A965E-1DA4-49C8-9141-065EB2360E8D} = {C01A965E-1DA4-49C8-9141-065EB2360E8D}
		{729C8F5A-0953-45DB-8A45-C8CCEFE3BA04} = {729C8F5A-0953-45DB-8A45-C8CCEFE3BA04}
		{9B46C32F-FCC8-445F-A2AD-4D4627F80317} = {9B46C32F-FCC8-445F-A2AD-4D4627F80317}
		{A080056C-DE52-49B0-9B62-D16955D152A7} = {A080056C-DE52-49B0-9B62-D16955D152A7}
		{862EAB4D-5CB8-4669-A7FD-2A97D82295A6} = {862EAB4D-5CB8-4669-A7FD-2A97D82295A6}
		{624827EF-F52A-4B88-B56D-F8A0994D0A98} = {624827EF-F52A-4B88-B56D-F8A0994D0A98}
	EndProjectSection
EndProject
Project("{8BC9CEB8-8B4A-11D0-8D11-00A0C91BC942}") = "App_BasicExample", "examples\BasicDemo\App_BasicExample.vcxproj", "{986A5A19-C259-499D-8D10-F3379E8D4310}"
	ProjectSection(ProjectDependencies) = postProject
		{6FFA7FBB-82CA-482F-9EC8-1CF02BD948D6} = {6FFA7FBB-82CA-482F-9EC8-1CF02BD948D6}
		{CD402AE5-5BEA-44B0-AC87-0470879E9BE5} = {CD402AE5-5BEA-44B0-AC87-0470879E9BE5}
		{49C30BFE-1DDC-49AC-B898-7C0B5F550469} = {49C30BFE-1DDC-49AC-B898-7C0B5F550469}
		{A080056C-DE52-49B0-9B62-D16955D152A7} = {A080056C-DE52-49B0-9B62-D16955D152A7}
	EndProjectSection
EndProject
Project("{8BC9CEB8-8B4A-11D0-8D11-00A0C91BC942}") = "App_ExampleBrowser", "examples\ExampleBrowser\App_ExampleBrowser.vcxproj", "{CABFB5C3-A02D-42F3-80CA-C7347A253B91}"
	ProjectSection(ProjectDependencies) = postProject
		{C7244DBE-ADBA-4790-AFA7-1F4EEDC9E06D} = {C7244DBE-ADBA-4790-AFA7-1F4EEDC9E06D}
		{6FFA7FBB-82CA-482F-9EC8-1CF02BD948D6} = {6FFA7FBB-82CA-482F-9EC8-1CF02BD948D6}
		{CD402AE5-5BEA-44B0-AC87-0470879E9BE5} = {CD402AE5-5BEA-44B0-AC87-0470879E9BE5}
		{EFD9E640-8A05-4AB5-A2F1-99EE5A91086A} = {EFD9E640-8A05-4AB5-A2F1-99EE5A91086A}
		{B6E55F60-08A7-45E7-9C94-E17984DE6F93} = {B6E55F60-08A7-45E7-9C94-E17984DE6F93}
		{D3C6BA33-06EC-4C94-8C22-7CFC628D2FE6} = {D3C6BA33-06EC-4C94-8C22-7CFC628D2FE6}
		{49C30BFE-1DDC-49AC-B898-7C0B5F550469} = {49C30BFE-1DDC-49AC-B898-7C0B5F550469}
		{C509777E-302A-48B5-B9FE-1BA88C9D8E43} = {C509777E-302A-48B5-B9FE-1BA88C9D8E43}
		{A080056C-DE52-49B0-9B62-D16955D152A7} = {A080056C-DE52-49B0-9B62-D16955D152A7}
		{624827EF-F52A-4B88-B56D-F8A0994D0A98} = {624827EF-F52A-4B88-B56D-F8A0994D0A98}
	EndProjectSection
EndProject
Project("{8BC9CEB8-8B4A-11D0-8D11-00A0C91BC942}") = "App_HelloWorld", "examples\HelloWorld\App_HelloWorld.vcxproj", "{6BB05C00-1DF6-4DA0-ACF9-5EE7B2C3B929}"
	ProjectSection(ProjectDependencies) = postProject
		{6FFA7FBB-82CA-482F-9EC8-1CF02BD948D6} = {6FFA7FBB-82CA-482F-9EC8-1CF02BD948D6}
		{CD402AE5-5BEA-44B0-AC87-0470879E9BE5} = {CD402AE5-5BEA-44B0-AC87-0470879E9BE5}
		{49C30BFE-1DDC-49AC-B898-7C0B5F550469} = {49C30BFE-1DDC-49AC-B898-7C0B5F550469}
		{A080056C-DE52-49B0-9B62-D16955D152A7} = {A080056C-DE52-49B0-9B62-D16955D152A7}
	EndProjectSection
EndProject
Project("{8BC9CEB8-8B4A-11D0-8D11-00A0C91BC942}") = "Bullet2FileLoader", "src\Bullet3Serialize\Bullet2FileLoader\Bullet2FileLoader.vcxproj", "{89BB6C3D-7AD2-4673-84E0-88C3B0306788}"
	ProjectSection(ProjectDependencies) = postProject
		{A080056C-DE52-49B0-9B62-D16955D152A7} = {A080056C-DE52-49B0-9B62-D16955D152A7}
	EndProjectSection
EndProject
Project("{8BC9CEB8-8B4A-11D0-8D11-00A0C91BC942}") = "Bullet3Collision", "src\Bullet3Collision\Bullet3Collision.vcxproj", "{86D1C760-530F-4DEE-B4E5-6BE8D72ED7A3}"
	ProjectSection(ProjectDependencies) = postProject
		{A080056C-DE52-49B0-9B62-D16955D152A7} = {A080056C-DE52-49B0-9B62-D16955D152A7}
	EndProjectSection
EndProject
Project("{8BC9CEB8-8B4A-11D0-8D11-00A0C91BC942}") = "Bullet3Common", "src\Bullet3Common\Bullet3Common.vcxproj", "{C7244DBE-ADBA-4790-AFA7-1F4EEDC9E06D}"
	ProjectSection(ProjectDependencies) = postProject
		{A080056C-DE52-49B0-9B62-D16955D152A7} = {A080056C-DE52-49B0-9B62-D16955D152A7}
	EndProjectSection
EndProject
Project("{8BC9CEB8-8B4A-11D0-8D11-00A0C91BC942}") = "Bullet3Dynamics", "src\Bullet3Dynamics\Bullet3Dynamics.vcxproj", "{29F5D4D9-A685-476E-B367-0FC21D8C5ADC}"
	ProjectSection(ProjectDependencies) = postProject
		{A080056C-DE52-49B0-9B62-D16955D152A7} = {A080056C-DE52-49B0-9B62-D16955D152A7}
	EndProjectSection
EndProject
Project("{8BC9CEB8-8B4A-11D0-8D11-00A0C91BC942}") = "Bullet3Geometry", "src\Bullet3Geometry\Bullet3Geometry.vcxproj", "{A793A075-540A-49AE-AA4D-93747EDFCBF4}"
	ProjectSection(ProjectDependencies) = postProject
		{A080056C-DE52-49B0-9B62-D16955D152A7} = {A080056C-DE52-49B0-9B62-D16955D152A7}
	EndProjectSection
EndProject
Project("{8BC9CEB8-8B4A-11D0-8D11-00A0C91BC942}") = "Bullet3OpenCL_clew", "src\Bullet3OpenCL\Bullet3OpenCL_clew.vcxproj", "{567C6064-7A74-45E4-A5F3-A7AB9392030F}"
	ProjectSection(ProjectDependencies) = postProject
		{A080056C-DE52-49B0-9B62-D16955D152A7} = {A080056C-DE52-49B0-9B62-D16955D152A7}
	EndProjectSection
EndProject
Project("{8BC9CEB8-8B4A-11D0-8D11-00A0C91BC942}") = "BulletCollision", "src\BulletCollision\BulletCollision.vcxproj", "{6FFA7FBB-82CA-482F-9EC8-1CF02BD948D6}"
	ProjectSection(ProjectDependencies) = postProject
		{A080056C-DE52-49B0-9B62-D16955D152A7} = {A080056C-DE52-49B0-9B62-D16955D152A7}
	EndProjectSection
EndProject
Project("{8BC9CEB8-8B4A-11D0-8D11-00A0C91BC942}") = "BulletDynamics", "src\BulletDynamics\BulletDynamics.vcxproj", "{CD402AE5-5BEA-44B0-AC87-0470879E9BE5}"
	ProjectSection(ProjectDependencies) = postProject
		{A080056C-DE52-49B0-9B62-D16955D152A7} = {A080056C-DE52-49B0-9B62-D16955D152A7}
	EndProjectSection
EndProject
Project("{8BC9CEB8-8B4A-11D0-8D11-00A0C91BC942}") = "BulletFileLoader", "Extras\Serialize\BulletFileLoader\BulletFileLoader.vcxproj", "{9B1B3DFF-32EA-4803-A24D-CE406FC9EE36}"
	ProjectSection(ProjectDependencies) = postProject
		{A080056C-DE52-49B0-9B62-D16955D152A7} = {A080056C-DE52-49B0-9B62-D16955D152A7}
	EndProjectSection
EndProject
Project("{8BC9CEB8-8B4A-11D0-8D11-00A0C91BC942}") = "BulletInverseDynamics", "src\BulletInverseDynamics\BulletInverseDynamics.vcxproj", "{EFD9E640-8A05-4AB5-A2F1-99EE5A91086A}"
	ProjectSection(ProjectDependencies) = postProject
		{A080056C-DE52-49B0-9B62-D16955D152A7} = {A080056C-DE52-49B0-9B62-D16955D152A7}
	EndProjectSection
EndProject
Project("{8BC9CEB8-8B4A-11D0-8D11-00A0C91BC942}") = "BulletInverseDynamicsUtils", "Extras\InverseDynamics\BulletInverseDynamicsUtils.vcxproj", "{B6E55F60-08A7-45E7-9C94-E17984DE6F93}"
	ProjectSection(ProjectDependencies) = postProject
		{A080056C-DE52-49B0-9B62-D16955D152A7} = {A080056C-DE52-49B0-9B62-D16955D152A7}
	EndProjectSection
EndProject
Project("{8BC9CEB8-8B4A-11D0-8D11-00A0C91BC942}") = "BulletSoftBody", "src\BulletSoftBody\BulletSoftBody.vcxproj", "{D3C6BA33-06EC-4C94-8C22-7CFC628D2FE6}"
	ProjectSection(ProjectDependencies) = postProject
		{A080056C-DE52-49B0-9B62-D16955D152A7} = {A080056C-DE52-49B0-9B62-D16955D152A7}
	EndProjectSection
EndProject
Project("{8BC9CEB8-8B4A-11D0-8D11-00A0C91BC942}") = "BulletWorldImporter", "Extras\Serialize\BulletWorldImporter\BulletWorldImporter.vcxproj", "{9F2CF9FB-5AD0-4748-9A85-373F64F06EC8}"
	ProjectSection(ProjectDependencies) = postProject
		{A080056C-DE52-49B0-9B62-D16955D152A7} = {A080056C-DE52-49B0-9B62-D16955D152A7}
	EndProjectSection
EndProject
Project("{8BC9CEB8-8B4A-11D0-8D11-00A0C91BC942}") = "BulletXmlWorldImporter", "Extras\Serialize\BulletXmlWorldImporter\BulletXmlWorldImporter.vcxproj", "{6FADF216-6CFB-4AB4-8240-192505674457}"
	ProjectSection(ProjectDependencies) = postProject
		{A080056C-DE52-49B0-9B62-D16955D152A7} = {A080056C-DE52-49B0-9B62-D16955D152A7}
	EndProjectSection
EndProject
Project("{8BC9CEB8-8B4A-11D0-8D11-00A0C91BC942}") = "ConvexDecomposition", "Extras\ConvexDecomposition\ConvexDecomposition.vcxproj", "{C69E7F97-DBC2-49B2-8C9F-98E14948EF75}"
	ProjectSection(ProjectDependencies) = postProject
		{A080056C-DE52-49B0-9B62-D16955D152A7} = {A080056C-DE52-49B0-9B62-D16955D152A7}
	EndProjectSection
EndProject
Project("{8BC9CEB8-8B4A-11D0-8D11-00A0C91BC942}") = "GIMPACTUtils", "Extras\GIMPACTUtils\GIMPACTUtils.vcxproj", "{8C6010CC-5A90-4C23-84D0-53998AECC012}"
	ProjectSection(ProjectDependencies) = postProject
		{A080056C-DE52-49B0-9B62-D16955D152A7} = {A080056C-DE52-49B0-9B62-D16955D152A7}
	EndProjectSection
EndProject
Project("{8BC9CEB8-8B4A-11D0-8D11-00A0C91BC942}") = "HACD", "Extras\HACD\HACD.vcxproj", "{730163E8-7BBA-409C-B8A4-7A537A57BF1D}"
	ProjectSection(ProjectDependencies) = postProject
		{A080056C-DE52-49B0-9B62-D16955D152A7} = {A080056C-DE52-49B0-9B62-D16955D152A7}
	EndProjectSection
EndProject
Project("{8BC9CEB8-8B4A-11D0-8D11-00A0C91BC942}") = "INSTALL", "INSTALL.vcxproj", "{0C5ED780-D238-4E18-B0CE-1725BA2AFAD6}"
	ProjectSection(ProjectDependencies) = postProject
		{5814F47F-DFE4-4CB1-83F8-A9554651514D} = {5814F47F-DFE4-4CB1-83F8-A9554651514D}
	EndProjectSection
EndProject
Project("{8BC9CEB8-8B4A-11D0-8D11-00A0C91BC942}") = "LinearMath", "src\LinearMath\LinearMath.vcxproj", "{49C30BFE-1DDC-49AC-B898-7C0B5F550469}"
	ProjectSection(ProjectDependencies) = postProject
		{A080056C-DE52-49B0-9B62-D16955D152A7} = {A080056C-DE52-49B0-9B62-D16955D152A7}
	EndProjectSection
EndProject
Project("{8BC9CEB8-8B4A-11D0-8D11-00A0C91BC942}") = "OpenGLWindow", "examples\OpenGLWindow\OpenGLWindow.vcxproj", "{C509777E-302A-48B5-B9FE-1BA88C9D8E43}"
	ProjectSection(ProjectDependencies) = postProject
		{A080056C-DE52-49B0-9B62-D16955D152A7} = {A080056C-DE52-49B0-9B62-D16955D152A7}
	EndProjectSection
EndProject
Project("{8BC9CEB8-8B4A-11D0-8D11-00A0C91BC942}") = "RUN_TESTS", "RUN_TESTS.vcxproj", "{B6AA6011-CC55-40EA-857C-A44869E3CDFC}"
	ProjectSection(ProjectDependencies) = postProject
	EndProjectSection
EndProject
Project("{8BC9CEB8-8B4A-11D0-8D11-00A0C91BC942}") = "Test_BulletDynamics", "test\BulletDynamics\pendulum\Test_BulletDynamics.vcxproj", "{C01A965E-1DA4-49C8-9141-065EB2360E8D}"
	ProjectSection(ProjectDependencies) = postProject
		{6FFA7FBB-82CA-482F-9EC8-1CF02BD948D6} = {6FFA7FBB-82CA-482F-9EC8-1CF02BD948D6}
		{CD402AE5-5BEA-44B0-AC87-0470879E9BE5} = {CD402AE5-5BEA-44B0-AC87-0470879E9BE5}
		{49C30BFE-1DDC-49AC-B898-7C0B5F550469} = {49C30BFE-1DDC-49AC-B898-7C0B5F550469}
		{A080056C-DE52-49B0-9B62-D16955D152A7} = {A080056C-DE52-49B0-9B62-D16955D152A7}
		{862EAB4D-5CB8-4669-A7FD-2A97D82295A6} = {862EAB4D-5CB8-4669-A7FD-2A97D82295A6}
	EndProjectSection
EndProject
Project("{8BC9CEB8-8B4A-11D0-8D11-00A0C91BC942}") = "Test_BulletInverseDynamics", "test\InverseDynamics\Test_BulletInverseDynamics.vcxproj", "{729C8F5A-0953-45DB-8A45-C8CCEFE3BA04}"
	ProjectSection(ProjectDependencies) = postProject
		{C7244DBE-ADBA-4790-AFA7-1F4EEDC9E06D} = {C7244DBE-ADBA-4790-AFA7-1F4EEDC9E06D}
		{EFD9E640-8A05-4AB5-A2F1-99EE5A91086A} = {EFD9E640-8A05-4AB5-A2F1-99EE5A91086A}
		{B6E55F60-08A7-45E7-9C94-E17984DE6F93} = {B6E55F60-08A7-45E7-9C94-E17984DE6F93}
		{49C30BFE-1DDC-49AC-B898-7C0B5F550469} = {49C30BFE-1DDC-49AC-B898-7C0B5F550469}
		{A080056C-DE52-49B0-9B62-D16955D152A7} = {A080056C-DE52-49B0-9B62-D16955D152A7}
		{862EAB4D-5CB8-4669-A7FD-2A97D82295A6} = {862EAB4D-5CB8-4669-A7FD-2A97D82295A6}
	EndProjectSection
EndProject
Project("{8BC9CEB8-8B4A-11D0-8D11-00A0C91BC942}") = "Test_Collision", "test\collision\Test_Collision.vcxproj", "{9B46C32F-FCC8-445F-A2AD-4D4627F80317}"
	ProjectSection(ProjectDependencies) = postProject
		{49C30BFE-1DDC-49AC-B898-7C0B5F550469} = {49C30BFE-1DDC-49AC-B898-7C0B5F550469}
		{A080056C-DE52-49B0-9B62-D16955D152A7} = {A080056C-DE52-49B0-9B62-D16955D152A7}
		{862EAB4D-5CB8-4669-A7FD-2A97D82295A6} = {862EAB4D-5CB8-4669-A7FD-2A97D82295A6}
	EndProjectSection
EndProject
Project("{8BC9CEB8-8B4A-11D0-8D11-00A0C91BC942}") = "ZERO_CHECK", "ZERO_CHECK.vcxproj", "{A080056C-DE52-49B0-9B62-D16955D152A7}"
	ProjectSection(ProjectDependencies) = postProject
	EndProjectSection
EndProject
Project("{8BC9CEB8-8B4A-11D0-8D11-00A0C91BC942}") = "gtest", "test\gtest-1.7.0\gtest.vcxproj", "{862EAB4D-5CB8-4669-A7FD-2A97D82295A6}"
	ProjectSection(ProjectDependencies) = postProject
		{A080056C-DE52-49B0-9B62-D16955D152A7} = {A080056C-DE52-49B0-9B62-D16955D152A7}
	EndProjectSection
EndProject
Project("{8BC9CEB8-8B4A-11D0-8D11-00A0C91BC942}") = "gwen", "examples\ThirdPartyLibs\Gwen\gwen.vcxproj", "{624827EF-F52A-4B88-B56D-F8A0994D0A98}"
	ProjectSection(ProjectDependencies) = postProject
		{A080056C-DE52-49B0-9B62-D16955D152A7} = {A080056C-DE52-49B0-9B62-D16955D152A7}
	EndProjectSection
EndProject
Global
	GlobalSection(SolutionConfigurationPlatforms) = preSolution
		Debug|Win32 = Debug|Win32
		Release|Win32 = Release|Win32
		MinSizeRel|Win32 = MinSizeRel|Win32
		RelWithDebInfo|Win32 = RelWithDebInfo|Win32
	EndGlobalSection
	GlobalSection(ProjectConfigurationPlatforms) = postSolution
		{5814F47F-DFE4-4CB1-83F8-A9554651514D}.Debug|Win32.ActiveCfg = Debug|Win32
		{5814F47F-DFE4-4CB1-83F8-A9554651514D}.Debug|Win32.Build.0 = Debug|Win32
		{5814F47F-DFE4-4CB1-83F8-A9554651514D}.Release|Win32.ActiveCfg = Release|Win32
		{5814F47F-DFE4-4CB1-83F8-A9554651514D}.Release|Win32.Build.0 = Release|Win32
		{5814F47F-DFE4-4CB1-83F8-A9554651514D}.MinSizeRel|Win32.ActiveCfg = MinSizeRel|Win32
		{5814F47F-DFE4-4CB1-83F8-A9554651514D}.MinSizeRel|Win32.Build.0 = MinSizeRel|Win32
		{5814F47F-DFE4-4CB1-83F8-A9554651514D}.RelWithDebInfo|Win32.ActiveCfg = RelWithDebInfo|Win32
		{5814F47F-DFE4-4CB1-83F8-A9554651514D}.RelWithDebInfo|Win32.Build.0 = RelWithDebInfo|Win32
		{986A5A19-C259-499D-8D10-F3379E8D4310}.Debug|Win32.ActiveCfg = Debug|Win32
		{986A5A19-C259-499D-8D10-F3379E8D4310}.Debug|Win32.Build.0 = Debug|Win32
		{986A5A19-C259-499D-8D10-F3379E8D4310}.Release|Win32.ActiveCfg = Release|Win32
		{986A5A19-C259-499D-8D10-F3379E8D4310}.Release|Win32.Build.0 = Release|Win32
		{986A5A19-C259-499D-8D10-F3379E8D4310}.MinSizeRel|Win32.ActiveCfg = MinSizeRel|Win32
		{986A5A19-C259-499D-8D10-F3379E8D4310}.MinSizeRel|Win32.Build.0 = MinSizeRel|Win32
		{986A5A19-C259-499D-8D10-F3379E8D4310}.RelWithDebInfo|Win32.ActiveCfg = RelWithDebInfo|Win32
		{986A5A19-C259-499D-8D10-F3379E8D4310}.RelWithDebInfo|Win32.Build.0 = RelWithDebInfo|Win32
		{CABFB5C3-A02D-42F3-80CA-C7347A253B91}.Debug|Win32.ActiveCfg = Debug|Win32
		{CABFB5C3-A02D-42F3-80CA-C7347A253B91}.Debug|Win32.Build.0 = Debug|Win32
		{CABFB5C3-A02D-42F3-80CA-C7347A253B91}.Release|Win32.ActiveCfg = Release|Win32
		{CABFB5C3-A02D-42F3-80CA-C7347A253B91}.Release|Win32.Build.0 = Release|Win32
		{CABFB5C3-A02D-42F3-80CA-C7347A253B91}.MinSizeRel|Win32.ActiveCfg = MinSizeRel|Win32
		{CABFB5C3-A02D-42F3-80CA-C7347A253B91}.MinSizeRel|Win32.Build.0 = MinSizeRel|Win32
		{CABFB5C3-A02D-42F3-80CA-C7347A253B91}.RelWithDebInfo|Win32.ActiveCfg = RelWithDebInfo|Win32
		{CABFB5C3-A02D-42F3-80CA-C7347A253B91}.RelWithDebInfo|Win32.Build.0 = RelWithDebInfo|Win32
		{6BB05C00-1DF6-4DA0-ACF9-5EE7B2C3B929}.Debug|Win32.ActiveCfg = Debug|Win32
		{6BB05C00-1DF6-4DA0-ACF9-5EE7B2C3B929}.Debug|Win32.Build.0 = Debug|Win32
		{6BB05C00-1DF6-4DA0-ACF9-5EE7B2C3B929}.Release|Win32.ActiveCfg = Release|Win32
		{6BB05C00-1DF6-4DA0-ACF9-5EE7B2C3B929}.Release|Win32.Build.0 = Release|Win32
		{6BB05C00-1DF6-4DA0-ACF9-5EE7B2C3B929}.MinSizeRel|Win32.ActiveCfg = MinSizeRel|Win32
		{6BB05C00-1DF6-4DA0-ACF9-5EE7B2C3B929}.MinSizeRel|Win32.Build.0 = MinSizeRel|Win32
		{6BB05C00-1DF6-4DA0-ACF9-5EE7B2C3B929}.RelWithDebInfo|Win32.ActiveCfg = RelWithDebInfo|Win32
		{6BB05C00-1DF6-4DA0-ACF9-5EE7B2C3B929}.RelWithDebInfo|Win32.Build.0 = RelWithDebInfo|Win32
		{89BB6C3D-7AD2-4673-84E0-88C3B0306788}.Debug|Win32.ActiveCfg = Debug|Win32
		{89BB6C3D-7AD2-4673-84E0-88C3B0306788}.Debug|Win32.Build.0 = Debug|Win32
		{89BB6C3D-7AD2-4673-84E0-88C3B0306788}.Release|Win32.ActiveCfg = Release|Win32
		{89BB6C3D-7AD2-4673-84E0-88C3B0306788}.Release|Win32.Build.0 = Release|Win32
		{89BB6C3D-7AD2-4673-84E0-88C3B0306788}.MinSizeRel|Win32.ActiveCfg = MinSizeRel|Win32
		{89BB6C3D-7AD2-4673-84E0-88C3B0306788}.MinSizeRel|Win32.Build.0 = MinSizeRel|Win32
		{89BB6C3D-7AD2-4673-84E0-88C3B0306788}.RelWithDebInfo|Win32.ActiveCfg = RelWithDebInfo|Win32
		{89BB6C3D-7AD2-4673-84E0-88C3B0306788}.RelWithDebInfo|Win32.Build.0 = RelWithDebInfo|Win32
		{86D1C760-530F-4DEE-B4E5-6BE8D72ED7A3}.Debug|Win32.ActiveCfg = Debug|Win32
		{86D1C760-530F-4DEE-B4E5-6BE8D72ED7A3}.Debug|Win32.Build.0 = Debug|Win32
		{86D1C760-530F-4DEE-B4E5-6BE8D72ED7A3}.Release|Win32.ActiveCfg = Release|Win32
		{86D1C760-530F-4DEE-B4E5-6BE8D72ED7A3}.Release|Win32.Build.0 = Release|Win32
		{86D1C760-530F-4DEE-B4E5-6BE8D72ED7A3}.MinSizeRel|Win32.ActiveCfg = MinSizeRel|Win32
		{86D1C760-530F-4DEE-B4E5-6BE8D72ED7A3}.MinSizeRel|Win32.Build.0 = MinSizeRel|Win32
		{86D1C760-530F-4DEE-B4E5-6BE8D72ED7A3}.RelWithDebInfo|Win32.ActiveCfg = RelWithDebInfo|Win32
		{86D1C760-530F-4DEE-B4E5-6BE8D72ED7A3}.RelWithDebInfo|Win32.Build.0 = RelWithDebInfo|Win32
		{C7244DBE-ADBA-4790-AFA7-1F4EEDC9E06D}.Debug|Win32.ActiveCfg = Debug|Win32
		{C7244DBE-ADBA-4790-AFA7-1F4EEDC9E06D}.Debug|Win32.Build.0 = Debug|Win32
		{C7244DBE-ADBA-4790-AFA7-1F4EEDC9E06D}.Release|Win32.ActiveCfg = Release|Win32
		{C7244DBE-ADBA-4790-AFA7-1F4EEDC9E06D}.Release|Win32.Build.0 = Release|Win32
		{C7244DBE-ADBA-4790-AFA7-1F4EEDC9E06D}.MinSizeRel|Win32.ActiveCfg = MinSizeRel|Win32
		{C7244DBE-ADBA-4790-AFA7-1F4EEDC9E06D}.MinSizeRel|Win32.Build.0 = MinSizeRel|Win32
		{C7244DBE-ADBA-4790-AFA7-1F4EEDC9E06D}.RelWithDebInfo|Win32.ActiveCfg = RelWithDebInfo|Win32
		{C7244DBE-ADBA-4790-AFA7-1F4EEDC9E06D}.RelWithDebInfo|Win32.Build.0 = RelWithDebInfo|Win32
		{29F5D4D9-A685-476E-B367-0FC21D8C5ADC}.Debug|Win32.ActiveCfg = Debug|Win32
		{29F5D4D9-A685-476E-B367-0FC21D8C5ADC}.Debug|Win32.Build.0 = Debug|Win32
		{29F5D4D9-A685-476E-B367-0FC21D8C5ADC}.Release|Win32.ActiveCfg = Release|Win32
		{29F5D4D9-A685-476E-B367-0FC21D8C5ADC}.Release|Win32.Build.0 = Release|Win32
		{29F5D4D9-A685-476E-B367-0FC21D8C5ADC}.MinSizeRel|Win32.ActiveCfg = MinSizeRel|Win32
		{29F5D4D9-A685-476E-B367-0FC21D8C5ADC}.MinSizeRel|Win32.Build.0 = MinSizeRel|Win32
		{29F5D4D9-A685-476E-B367-0FC21D8C5ADC}.RelWithDebInfo|Win32.ActiveCfg = RelWithDebInfo|Win32
		{29F5D4D9-A685-476E-B367-0FC21D8C5ADC}.RelWithDebInfo|Win32.Build.0 = RelWithDebInfo|Win32
		{A793A075-540A-49AE-AA4D-93747EDFCBF4}.Debug|Win32.ActiveCfg = Debug|Win32
		{A793A075-540A-49AE-AA4D-93747EDFCBF4}.Debug|Win32.Build.0 = Debug|Win32
		{A793A075-540A-49AE-AA4D-93747EDFCBF4}.Release|Win32.ActiveCfg = Release|Win32
		{A793A075-540A-49AE-AA4D-93747EDFCBF4}.Release|Win32.Build.0 = Release|Win32
		{A793A075-540A-49AE-AA4D-93747EDFCBF4}.MinSizeRel|Win32.ActiveCfg = MinSizeRel|Win32
		{A793A075-540A-49AE-AA4D-93747EDFCBF4}.MinSizeRel|Win32.Build.0 = MinSizeRel|Win32
		{A793A075-540A-49AE-AA4D-93747EDFCBF4}.RelWithDebInfo|Win32.ActiveCfg = RelWithDebInfo|Win32
		{A793A075-540A-49AE-AA4D-93747EDFCBF4}.RelWithDebInfo|Win32.Build.0 = RelWithDebInfo|Win32
		{567C6064-7A74-45E4-A5F3-A7AB9392030F}.Debug|Win32.ActiveCfg = Debug|Win32
		{567C6064-7A74-45E4-A5F3-A7AB9392030F}.Debug|Win32.Build.0 = Debug|Win32
		{567C6064-7A74-45E4-A5F3-A7AB9392030F}.Release|Win32.ActiveCfg = Release|Win32
		{567C6064-7A74-45E4-A5F3-A7AB9392030F}.Release|Win32.Build.0 = Release|Win32
		{567C6064-7A74-45E4-A5F3-A7AB9392030F}.MinSizeRel|Win32.ActiveCfg = MinSizeRel|Win32
		{567C6064-7A74-45E4-A5F3-A7AB9392030F}.MinSizeRel|Win32.Build.0 = MinSizeRel|Win32
		{567C6064-7A74-45E4-A5F3-A7AB9392030F}.RelWithDebInfo|Win32.ActiveCfg = RelWithDebInfo|Win32
		{567C6064-7A74-45E4-A5F3-A7AB9392030F}.RelWithDebInfo|Win32.Build.0 = RelWithDebInfo|Win32
		{6FFA7FBB-82CA-482F-9EC8-1CF02BD948D6}.Debug|Win32.ActiveCfg = Debug|Win32
		{6FFA7FBB-82CA-482F-9EC8-1CF02BD948D6}.Debug|Win32.Build.0 = Debug|Win32
		{6FFA7FBB-82CA-482F-9EC8-1CF02BD948D6}.Release|Win32.ActiveCfg = Release|Win32
		{6FFA7FBB-82CA-482F-9EC8-1CF02BD948D6}.Release|Win32.Build.0 = Release|Win32
		{6FFA7FBB-82CA-482F-9EC8-1CF02BD948D6}.MinSizeRel|Win32.ActiveCfg = MinSizeRel|Win32
		{6FFA7FBB-82CA-482F-9EC8-1CF02BD948D6}.MinSizeRel|Win32.Build.0 = MinSizeRel|Win32
		{6FFA7FBB-82CA-482F-9EC8-1CF02BD948D6}.RelWithDebInfo|Win32.ActiveCfg = RelWithDebInfo|Win32
		{6FFA7FBB-82CA-482F-9EC8-1CF02BD948D6}.RelWithDebInfo|Win32.Build.0 = RelWithDebInfo|Win32
		{CD402AE5-5BEA-44B0-AC87-0470879E9BE5}.Debug|Win32.ActiveCfg = Debug|Win32
		{CD402AE5-5BEA-44B0-AC87-0470879E9BE5}.Debug|Win32.Build.0 = Debug|Win32
		{CD402AE5-5BEA-44B0-AC87-0470879E9BE5}.Release|Win32.ActiveCfg = Release|Win32
		{CD402AE5-5BEA-44B0-AC87-0470879E9BE5}.Release|Win32.Build.0 = Release|Win32
		{CD402AE5-5BEA-44B0-AC87-0470879E9BE5}.MinSizeRel|Win32.ActiveCfg = MinSizeRel|Win32
		{CD402AE5-5BEA-44B0-AC87-0470879E9BE5}.MinSizeRel|Win32.Build.0 = MinSizeRel|Win32
		{CD402AE5-5BEA-44B0-AC87-0470879E9BE5}.RelWithDebInfo|Win32.ActiveCfg = RelWithDebInfo|Win32
		{CD402AE5-5BEA-44B0-AC87-0470879E9BE5}.RelWithDebInfo|Win32.Build.0 = RelWithDebInfo|Win32
		{9B1B3DFF-32EA-4803-A24D-CE406FC9EE36}.Debug|Win32.ActiveCfg = Debug|Win32
		{9B1B3DFF-32EA-4803-A24D-CE406FC9EE36}.Debug|Win32.Build.0 = Debug|Win32
		{9B1B3DFF-32EA-4803-A24D-CE406FC9EE36}.Release|Win32.ActiveCfg = Release|Win32
		{9B1B3DFF-32EA-4803-A24D-CE406FC9EE36}.Release|Win32.Build.0 = Release|Win32
		{9B1B3DFF-32EA-4803-A24D-CE406FC9EE36}.MinSizeRel|Win32.ActiveCfg = MinSizeRel|Win32
		{9B1B3DFF-32EA-4803-A24D-CE406FC9EE36}.MinSizeRel|Win32.Build.0 = MinSizeRel|Win32
		{9B1B3DFF-32EA-4803-A24D-CE406FC9EE36}.RelWithDebInfo|Win32.ActiveCfg = RelWithDebInfo|Win32
		{9B1B3DFF-32EA-4803-A24D-CE406FC9EE36}.RelWithDebInfo|Win32.Build.0 = RelWithDebInfo|Win32
		{EFD9E640-8A05-4AB5-A2F1-99EE5A91086A}.Debug|Win32.ActiveCfg = Debug|Win32
		{EFD9E640-8A05-4AB5-A2F1-99EE5A91086A}.Debug|Win32.Build.0 = Debug|Win32
		{EFD9E640-8A05-4AB5-A2F1-99EE5A91086A}.Release|Win32.ActiveCfg = Release|Win32
		{EFD9E640-8A05-4AB5-A2F1-99EE5A91086A}.Release|Win32.Build.0 = Release|Win32
		{EFD9E640-8A05-4AB5-A2F1-99EE5A91086A}.MinSizeRel|Win32.ActiveCfg = MinSizeRel|Win32
		{EFD9E640-8A05-4AB5-A2F1-99EE5A91086A}.MinSizeRel|Win32.Build.0 = MinSizeRel|Win32
		{EFD9E640-8A05-4AB5-A2F1-99EE5A91086A}.RelWithDebInfo|Win32.ActiveCfg = RelWithDebInfo|Win32
		{EFD9E640-8A05-4AB5-A2F1-99EE5A91086A}.RelWithDebInfo|Win32.Build.0 = RelWithDebInfo|Win32
		{B6E55F60-08A7-45E7-9C94-E17984DE6F93}.Debug|Win32.ActiveCfg = Debug|Win32
		{B6E55F60-08A7-45E7-9C94-E17984DE6F93}.Debug|Win32.Build.0 = Debug|Win32
		{B6E55F60-08A7-45E7-9C94-E17984DE6F93}.Release|Win32.ActiveCfg = Release|Win32
		{B6E55F60-08A7-45E7-9C94-E17984DE6F93}.Release|Win32.Build.0 = Release|Win32
		{B6E55F60-08A7-45E7-9C94-E17984DE6F93}.MinSizeRel|Win32.ActiveCfg = MinSizeRel|Win32
		{B6E55F60-08A7-45E7-9C94-E17984DE6F93}.MinSizeRel|Win32.Build.0 = MinSizeRel|Win32
		{B6E55F60-08A7-45E7-9C94-E17984DE6F93}.RelWithDebInfo|Win32.ActiveCfg = RelWithDebInfo|Win32
		{B6E55F60-08A7-45E7-9C94-E17984DE6F93}.RelWithDebInfo|Win32.Build.0 = RelWithDebInfo|Win32
		{D3C6BA33-06EC-4C94-8C22-7CFC628D2FE6}.Debug|Win32.ActiveCfg = Debug|Win32
		{D3C6BA33-06EC-4C94-8C22-7CFC628D2FE6}.Debug|Win32.Build.0 = Debug|Win32
		{D3C6BA33-06EC-4C94-8C22-7CFC628D2FE6}.Release|Win32.ActiveCfg = Release|Win32
		{D3C6BA33-06EC-4C94-8C22-7CFC628D2FE6}.Release|Win32.Build.0 = Release|Win32
		{D3C6BA33-06EC-4C94-8C22-7CFC628D2FE6}.MinSizeRel|Win32.ActiveCfg = MinSizeRel|Win32
		{D3C6BA33-06EC-4C94-8C22-7CFC628D2FE6}.MinSizeRel|Win32.Build.0 = MinSizeRel|Win32
		{D3C6BA33-06EC-4C94-8C22-7CFC628D2FE6}.RelWithDebInfo|Win32.ActiveCfg = RelWithDebInfo|Win32
		{D3C6BA33-06EC-4C94-8C22-7CFC628D2FE6}.RelWithDebInfo|Win32.Build.0 = RelWithDebInfo|Win32
		{9F2CF9FB-5AD0-4748-9A85-373F64F06EC8}.Debug|Win32.ActiveCfg = Debug|Win32
		{9F2CF9FB-5AD0-4748-9A85-373F64F06EC8}.Debug|Win32.Build.0 = Debug|Win32
		{9F2CF9FB-5AD0-4748-9A85-373F64F06EC8}.Release|Win32.ActiveCfg = Release|Win32
		{9F2CF9FB-5AD0-4748-9A85-373F64F06EC8}.Release|Win32.Build.0 = Release|Win32
		{9F2CF9FB-5AD0-4748-9A85-373F64F06EC8}.MinSizeRel|Win32.ActiveCfg = MinSizeRel|Win32
		{9F2CF9FB-5AD0-4748-9A85-373F64F06EC8}.MinSizeRel|Win32.Build.0 = MinSizeRel|Win32
		{9F2CF9FB-5AD0-4748-9A85-373F64F06EC8}.RelWithDebInfo|Win32.ActiveCfg = RelWithDebInfo|Win32
		{9F2CF9FB-5AD0-4748-9A85-373F64F06EC8}.RelWithDebInfo|Win32.Build.0 = RelWithDebInfo|Win32
		{6FADF216-6CFB-4AB4-8240-192505674457}.Debug|Win32.ActiveCfg = Debug|Win32
		{6FADF216-6CFB-4AB4-8240-192505674457}.Debug|Win32.Build.0 = Debug|Win32
		{6FADF216-6CFB-4AB4-8240-192505674457}.Release|Win32.ActiveCfg = Release|Win32
		{6FADF216-6CFB-4AB4-8240-192505674457}.Release|Win32.Build.0 = Release|Win32
		{6FADF216-6CFB-4AB4-8240-192505674457}.MinSizeRel|Win32.ActiveCfg = MinSizeRel|Win32
		{6FADF216-6CFB-4AB4-8240-192505674457}.MinSizeRel|Win32.Build.0 = MinSizeRel|Win32
		{6FADF216-6CFB-4AB4-8240-192505674457}.RelWithDebInfo|Win32.ActiveCfg = RelWithDebInfo|Win32
		{6FADF216-6CFB-4AB4-8240-192505674457}.RelWithDebInfo|Win32.Build.0 = RelWithDebInfo|Win32
		{C69E7F97-DBC2-49B2-8C9F-98E14948EF75}.Debug|Win32.ActiveCfg = Debug|Win32
		{C69E7F97-DBC2-49B2-8C9F-98E14948EF75}.Debug|Win32.Build.0 = Debug|Win32
		{C69E7F97-DBC2-49B2-8C9F-98E14948EF75}.Release|Win32.ActiveCfg = Release|Win32
		{C69E7F97-DBC2-49B2-8C9F-98E14948EF75}.Release|Win32.Build.0 = Release|Win32
		{C69E7F97-DBC2-49B2-8C9F-98E14948EF75}.MinSizeRel|Win32.ActiveCfg = MinSizeRel|Win32
		{C69E7F97-DBC2-49B2-8C9F-98E14948EF75}.MinSizeRel|Win32.Build.0 = MinSizeRel|Win32
		{C69E7F97-DBC2-49B2-8C9F-98E14948EF75}.RelWithDebInfo|Win32.ActiveCfg = RelWithDebInfo|Win32
		{C69E7F97-DBC2-49B2-8C9F-98E14948EF75}.RelWithDebInfo|Win32.Build.0 = RelWithDebInfo|Win32
		{8C6010CC-5A90-4C23-84D0-53998AECC012}.Debug|Win32.ActiveCfg = Debug|Win32
		{8C6010CC-5A90-4C23-84D0-53998AECC012}.Debug|Win32.Build.0 = Debug|Win32
		{8C6010CC-5A90-4C23-84D0-53998AECC012}.Release|Win32.ActiveCfg = Release|Win32
		{8C6010CC-5A90-4C23-84D0-53998AECC012}.Release|Win32.Build.0 = Release|Win32
		{8C6010CC-5A90-4C23-84D0-53998AECC012}.MinSizeRel|Win32.ActiveCfg = MinSizeRel|Win32
		{8C6010CC-5A90-4C23-84D0-53998AECC012}.MinSizeRel|Win32.Build.0 = MinSizeRel|Win32
		{8C6010CC-5A90-4C23-84D0-53998AECC012}.RelWithDebInfo|Win32.ActiveCfg = RelWithDebInfo|Win32
		{8C6010CC-5A90-4C23-84D0-53998AECC012}.RelWithDebInfo|Win32.Build.0 = RelWithDebInfo|Win32
		{730163E8-7BBA-409C-B8A4-7A537A57BF1D}.Debug|Win32.ActiveCfg = Debug|Win32
		{730163E8-7BBA-409C-B8A4-7A537A57BF1D}.Debug|Win32.Build.0 = Debug|Win32
		{730163E8-7BBA-409C-B8A4-7A537A57BF1D}.Release|Win32.ActiveCfg = Release|Win32
		{730163E8-7BBA-409C-B8A4-7A537A57BF1D}.Release|Win32.Build.0 = Release|Win32
		{730163E8-7BBA-409C-B8A4-7A537A57BF1D}.MinSizeRel|Win32.ActiveCfg = MinSizeRel|Win32
		{730163E8-7BBA-409C-B8A4-7A537A57BF1D}.MinSizeRel|Win32.Build.0 = MinSizeRel|Win32
		{730163E8-7BBA-409C-B8A4-7A537A57BF1D}.RelWithDebInfo|Win32.ActiveCfg = RelWithDebInfo|Win32
		{730163E8-7BBA-409C-B8A4-7A537A57BF1D}.RelWithDebInfo|Win32.Build.0 = RelWithDebInfo|Win32
		{0C5ED780-D238-4E18-B0CE-1725BA2AFAD6}.Debug|Win32.ActiveCfg = Debug|Win32
		{0C5ED780-D238-4E18-B0CE-1725BA2AFAD6}.Release|Win32.ActiveCfg = Release|Win32
		{0C5ED780-D238-4E18-B0CE-1725BA2AFAD6}.MinSizeRel|Win32.ActiveCfg = MinSizeRel|Win32
		{0C5ED780-D238-4E18-B0CE-1725BA2AFAD6}.RelWithDebInfo|Win32.ActiveCfg = RelWithDebInfo|Win32
		{49C30BFE-1DDC-49AC-B898-7C0B5F550469}.Debug|Win32.ActiveCfg = Debug|Win32
		{49C30BFE-1DDC-49AC-B898-7C0B5F550469}.Debug|Win32.Build.0 = Debug|Win32
		{49C30BFE-1DDC-49AC-B898-7C0B5F550469}.Release|Win32.ActiveCfg = Release|Win32
		{49C30BFE-1DDC-49AC-B898-7C0B5F550469}.Release|Win32.Build.0 = Release|Win32
		{49C30BFE-1DDC-49AC-B898-7C0B5F550469}.MinSizeRel|Win32.ActiveCfg = MinSizeRel|Win32
		{49C30BFE-1DDC-49AC-B898-7C0B5F550469}.MinSizeRel|Win32.Build.0 = MinSizeRel|Win32
		{49C30BFE-1DDC-49AC-B898-7C0B5F550469}.RelWithDebInfo|Win32.ActiveCfg = RelWithDebInfo|Win32
		{49C30BFE-1DDC-49AC-B898-7C0B5F550469}.RelWithDebInfo|Win32.Build.0 = RelWithDebInfo|Win32
		{C509777E-302A-48B5-B9FE-1BA88C9D8E43}.Debug|Win32.ActiveCfg = Debug|Win32
		{C509777E-302A-48B5-B9FE-1BA88C9D8E43}.Debug|Win32.Build.0 = Debug|Win32
		{C509777E-302A-48B5-B9FE-1BA88C9D8E43}.Release|Win32.ActiveCfg = Release|Win32
		{C509777E-302A-48B5-B9FE-1BA88C9D8E43}.Release|Win32.Build.0 = Release|Win32
		{C509777E-302A-48B5-B9FE-1BA88C9D8E43}.MinSizeRel|Win32.ActiveCfg = MinSizeRel|Win32
		{C509777E-302A-48B5-B9FE-1BA88C9D8E43}.MinSizeRel|Win32.Build.0 = MinSizeRel|Win32
		{C509777E-302A-48B5-B9FE-1BA88C9D8E43}.RelWithDebInfo|Win32.ActiveCfg = RelWithDebInfo|Win32
		{C509777E-302A-48B5-B9FE-1BA88C9D8E43}.RelWithDebInfo|Win32.Build.0 = RelWithDebInfo|Win32
		{B6AA6011-CC55-40EA-857C-A44869E3CDFC}.Debug|Win32.ActiveCfg = Debug|Win32
		{B6AA6011-CC55-40EA-857C-A44869E3CDFC}.Release|Win32.ActiveCfg = Release|Win32
		{B6AA6011-CC55-40EA-857C-A44869E3CDFC}.MinSizeRel|Win32.ActiveCfg = MinSizeRel|Win32
		{B6AA6011-CC55-40EA-857C-A44869E3CDFC}.RelWithDebInfo|Win32.ActiveCfg = RelWithDebInfo|Win32
		{C01A965E-1DA4-49C8-9141-065EB2360E8D}.Debug|Win32.ActiveCfg = Debug|Win32
		{C01A965E-1DA4-49C8-9141-065EB2360E8D}.Debug|Win32.Build.0 = Debug|Win32
		{C01A965E-1DA4-49C8-9141-065EB2360E8D}.Release|Win32.ActiveCfg = Release|Win32
		{C01A965E-1DA4-49C8-9141-065EB2360E8D}.Release|Win32.Build.0 = Release|Win32
		{C01A965E-1DA4-49C8-9141-065EB2360E8D}.MinSizeRel|Win32.ActiveCfg = MinSizeRel|Win32
		{C01A965E-1DA4-49C8-9141-065EB2360E8D}.MinSizeRel|Win32.Build.0 = MinSizeRel|Win32
		{C01A965E-1DA4-49C8-9141-065EB2360E8D}.RelWithDebInfo|Win32.ActiveCfg = RelWithDebInfo|Win32
		{C01A965E-1DA4-49C8-9141-065EB2360E8D}.RelWithDebInfo|Win32.Build.0 = RelWithDebInfo|Win32
		{729C8F5A-0953-45DB-8A45-C8CCEFE3BA04}.Debug|Win32.ActiveCfg = Debug|Win32
		{729C8F5A-0953-45DB-8A45-C8CCEFE3BA04}.Debug|Win32.Build.0 = Debug|Win32
		{729C8F5A-0953-45DB-8A45-C8CCEFE3BA04}.Release|Win32.ActiveCfg = Release|Win32
		{729C8F5A-0953-45DB-8A45-C8CCEFE3BA04}.Release|Win32.Build.0 = Release|Win32
		{729C8F5A-0953-45DB-8A45-C8CCEFE3BA04}.MinSizeRel|Win32.ActiveCfg = MinSizeRel|Win32
		{729C8F5A-0953-45DB-8A45-C8CCEFE3BA04}.MinSizeRel|Win32.Build.0 = MinSizeRel|Win32
		{729C8F5A-0953-45DB-8A45-C8CCEFE3BA04}.RelWithDebInfo|Win32.ActiveCfg = RelWithDebInfo|Win32
		{729C8F5A-0953-45DB-8A45-C8CCEFE3BA04}.RelWithDebInfo|Win32.Build.0 = RelWithDebInfo|Win32
		{9B46C32F-FCC8-445F-A2AD-4D4627F80317}.Debug|Win32.ActiveCfg = Debug|Win32
		{9B46C32F-FCC8-445F-A2AD-4D4627F80317}.Debug|Win32.Build.0 = Debug|Win32
		{9B46C32F-FCC8-445F-A2AD-4D4627F80317}.Release|Win32.ActiveCfg = Release|Win32
		{9B46C32F-FCC8-445F-A2AD-4D4627F80317}.Release|Win32.Build.0 = Release|Win32
		{9B46C32F-FCC8-445F-A2AD-4D4627F80317}.MinSizeRel|Win32.ActiveCfg = MinSizeRel|Win32
		{9B46C32F-FCC8-445F-A2AD-4D4627F80317}.MinSizeRel|Win32.Build.0 = MinSizeRel|Win32
		{9B46C32F-FCC8-445F-A2AD-4D4627F80317}.RelWithDebInfo|Win32.ActiveCfg = RelWithDebInfo|Win32
		{9B46C32F-FCC8-445F-A2AD-4D4627F80317}.RelWithDebInfo|Win32.Build.0 = RelWithDebInfo|Win32
		{A080056C-DE52-49B0-9B62-D16955D152A7}.Debug|Win32.ActiveCfg = Debug|Win32
		{A080056C-DE52-49B0-9B62-D16955D152A7}.Debug|Win32.Build.0 = Debug|Win32
		{A080056C-DE52-49B0-9B62-D16955D152A7}.Release|Win32.ActiveCfg = Release|Win32
		{A080056C-DE52-49B0-9B62-D16955D152A7}.Release|Win32.Build.0 = Release|Win32
		{A080056C-DE52-49B0-9B62-D16955D152A7}.MinSizeRel|Win32.ActiveCfg = MinSizeRel|Win32
		{A080056C-DE52-49B0-9B62-D16955D152A7}.MinSizeRel|Win32.Build.0 = MinSizeRel|Win32
		{A080056C-DE52-49B0-9B62-D16955D152A7}.RelWithDebInfo|Win32.ActiveCfg = RelWithDebInfo|Win32
		{A080056C-DE52-49B0-9B62-D16955D152A7}.RelWithDebInfo|Win32.Build.0 = RelWithDebInfo|Win32
		{862EAB4D-5CB8-4669-A7FD-2A97D82295A6}.Debug|Win32.ActiveCfg = Debug|Win32
		{862EAB4D-5CB8-4669-A7FD-2A97D82295A6}.Debug|Win32.Build.0 = Debug|Win32
		{862EAB4D-5CB8-4669-A7FD-2A97D82295A6}.Release|Win32.ActiveCfg = Release|Win32
		{862EAB4D-5CB8-4669-A7FD-2A97D82295A6}.Release|Win32.Build.0 = Release|Win32
		{862EAB4D-5CB8-4669-A7FD-2A97D82295A6}.MinSizeRel|Win32.ActiveCfg = MinSizeRel|Win32
		{862EAB4D-5CB8-4669-A7FD-2A97D82295A6}.MinSizeRel|Win32.Build.0 = MinSizeRel|Win32
		{862EAB4D-5CB8-4669-A7FD-2A97D82295A6}.RelWithDebInfo|Win32.ActiveCfg = RelWithDebInfo|Win32
		{862EAB4D-5CB8-4669-A7FD-2A97D82295A6}.RelWithDebInfo|Win32.Build.0 = RelWithDebInfo|Win32
		{624827EF-F52A-4B88-B56D-F8A0994D0A98}.Debug|Win32.ActiveCfg = Debug|Win32
		{624827EF-F52A-4B88-B56D-F8A0994D0A98}.Debug|Win32.Build.0 = Debug|Win32
		{624827EF-F52A-4B88-B56D-F8A0994D0A98}.Release|Win32.ActiveCfg = Release|Win32
		{624827EF-F52A-4B88-B56D-F8A0994D0A98}.Release|Win32.Build.0 = Release|Win32
		{624827EF-F52A-4B88-B56D-F8A0994D0A98}.MinSizeRel|Win32.ActiveCfg = MinSizeRel|Win32
		{624827EF-F52A-4B88-B56D-F8A0994D0A98}.MinSizeRel|Win32.Build.0 = MinSizeRel|Win32
		{624827EF-F52A-4B88-B56D-F8A0994D0A98}.RelWithDebInfo|Win32.ActiveCfg = RelWithDebInfo|Win32
		{624827EF-F52A-4B88-B56D-F8A0994D0A98}.RelWithDebInfo|Win32.Build.0 = RelWithDebInfo|Win32
	EndGlobalSection
	GlobalSection(ExtensibilityGlobals) = postSolution
	EndGlobalSection
	GlobalSection(ExtensibilityAddIns) = postSolution
	EndGlobalSection
EndGlobal
